
Microsoft Visual Studio Solution File, Format Version 12.00
# Visual Studio Version 17
VisualStudioVersion = 17.0.32014.148
MinimumVisualStudioVersion = 10.0.40219.1
Project("{FAE04EC0-301F-11D3-BF4B-00C04F79EFBC}") = "Sandbox1", "Sandbox1\Sandbox1.csproj", "{4A8B4B45-1A37-494E-A106-8558F80D42B9}"
EndProject
Global
	GlobalSection(SolutionConfigurationPlatforms) = preSolution
		Debug|Any CPU = Debug|Any CPU
		Release|Any CPU = Release|Any CPU
	EndGlobalSection
	GlobalSection(ProjectConfigurationPlatforms) = postSolution
		{4A8B4B45-1A37-494E-A106-8558F80D42B9}.Debug|Any CPU.ActiveCfg = Debug|Any CPU
		{4A8B4B45-1A37-494E-A106-8558F80D42B9}.Debug|Any CPU.Build.0 = Debug|Any CPU
		{4A8B4B45-1A37-494E-A106-8558F80D42B9}.Release|Any CPU.ActiveCfg = Release|Any CPU
		{4A8B4B45-1A37-494E-A106-8558F80D42B9}.Release|Any CPU.Build.0 = Release|Any CPU
	EndGlobalSection
	GlobalSection(SolutionProperties) = preSolution
		HideSolutionNode = FALSE
	EndGlobalSection
	GlobalSection(ExtensibilityGlobals) = postSolution
		SolutionGuid = {526C9E51-83C5-422E-BD3F-704BB7038C34}
	EndGlobalSection
EndGlobal
